dependencies:
- name: entando-k8s-controller-coordinator
  repository: file://./tmp/entando-k8s-controller-coordinator/charts/entando-k8s-controller-coordinator
  version: 7.2.0-ENG-4701-PR-126
digest: sha256:b1d4ffb4c16ebd3c5fbc38a4c5e597466748ddf096997025be306c309d21dde8
generated: "2023-05-05T09:33:55.72698379Z"
